// !$*UTF8*$!
{
	archiveVersion = 1;
	classes = {
	};
	objectVersion = 46;
	objects = {

/* Begin PBXBuildFile section */
		9B07BD481D147CD8002B145E /* RegisterViewController.m in Sources */ = {isa = PBXBuildFile; fileRef = 9B07BD471D147CD8002B145E /* RegisterViewController.m */; };
		9B0CCA7A1CE61EBF00207858 /* AFHTTPSessionManager.m in Sources */ = {isa = PBXBuildFile; fileRef = 9B0CCA551CE61EBF00207858 /* AFHTTPSessionManager.m */; };
		9B0CCA7B1CE61EBF00207858 /* AFNetworkReachabilityManager.m in Sources */ = {isa = PBXBuildFile; fileRef = 9B0CCA581CE61EBF00207858 /* AFNetworkReachabilityManager.m */; };
		9B0CCA7C1CE61EBF00207858 /* AFSecurityPolicy.m in Sources */ = {isa = PBXBuildFile; fileRef = 9B0CCA5A1CE61EBF00207858 /* AFSecurityPolicy.m */; };
		9B0CCA7D1CE61EBF00207858 /* AFURLRequestSerialization.m in Sources */ = {isa = PBXBuildFile; fileRef = 9B0CCA5C1CE61EBF00207858 /* AFURLRequestSerialization.m */; };
		9B0CCA7E1CE61EBF00207858 /* AFURLResponseSerialization.m in Sources */ = {isa = PBXBuildFile; fileRef = 9B0CCA5E1CE61EBF00207858 /* AFURLResponseSerialization.m */; };
		9B0CCA7F1CE61EBF00207858 /* AFURLSessionManager.m in Sources */ = {isa = PBXBuildFile; fileRef = 9B0CCA601CE61EBF00207858 /* AFURLSessionManager.m */; };
		9B0CCA801CE61EBF00207858 /* AFAutoPurgingImageCache.m in Sources */ = {isa = PBXBuildFile; fileRef = 9B0CCA631CE61EBF00207858 /* AFAutoPurgingImageCache.m */; };
		9B0CCA811CE61EBF00207858 /* AFImageDownloader.m in Sources */ = {isa = PBXBuildFile; fileRef = 9B0CCA651CE61EBF00207858 /* AFImageDownloader.m */; };
		9B0CCA821CE61EBF00207858 /* AFNetworkActivityIndicatorManager.m in Sources */ = {isa = PBXBuildFile; fileRef = 9B0CCA671CE61EBF00207858 /* AFNetworkActivityIndicatorManager.m */; };
		9B0CCA831CE61EBF00207858 /* UIActivityIndicatorView+AFNetworking.m in Sources */ = {isa = PBXBuildFile; fileRef = 9B0CCA691CE61EBF00207858 /* UIActivityIndicatorView+AFNetworking.m */; };
		9B0CCA841CE61EBF00207858 /* UIButton+AFNetworking.m in Sources */ = {isa = PBXBuildFile; fileRef = 9B0CCA6B1CE61EBF00207858 /* UIButton+AFNetworking.m */; };
		9B0CCA851CE61EBF00207858 /* UIImageView+AFNetworking.m in Sources */ = {isa = PBXBuildFile; fileRef = 9B0CCA6E1CE61EBF00207858 /* UIImageView+AFNetworking.m */; };
		9B0CCA861CE61EBF00207858 /* UIProgressView+AFNetworking.m in Sources */ = {isa = PBXBuildFile; fileRef = 9B0CCA711CE61EBF00207858 /* UIProgressView+AFNetworking.m */; };
		9B0CCA871CE61EBF00207858 /* UIRefreshControl+AFNetworking.m in Sources */ = {isa = PBXBuildFile; fileRef = 9B0CCA731CE61EBF00207858 /* UIRefreshControl+AFNetworking.m */; };
		9B0CCA881CE61EBF00207858 /* UIWebView+AFNetworking.m in Sources */ = {isa = PBXBuildFile; fileRef = 9B0CCA751CE61EBF00207858 /* UIWebView+AFNetworking.m */; };
		9B0CCA891CE61EBF00207858 /* HttpConfiguration.m in Sources */ = {isa = PBXBuildFile; fileRef = 9B0CCA771CE61EBF00207858 /* HttpConfiguration.m */; };
		9B0CCA8A1CE61EBF00207858 /* HttpRequest.m in Sources */ = {isa = PBXBuildFile; fileRef = 9B0CCA791CE61EBF00207858 /* HttpRequest.m */; };
		9B0CCA8D1CE61F1600207858 /* NSObject+ObjectMap.m in Sources */ = {isa = PBXBuildFile; fileRef = 9B0CCA8C1CE61F1600207858 /* NSObject+ObjectMap.m */; };
		9B0CCA901CE65F7C00207858 /* TopLayoutView.m in Sources */ = {isa = PBXBuildFile; fileRef = 9B0CCA8F1CE65F7C00207858 /* TopLayoutView.m */; };
		9B0CCAA11CEA367E00207858 /* Assets.xcassets in Resources */ = {isa = PBXBuildFile; fileRef = 9B0CCAA01CEA367E00207858 /* Assets.xcassets */; };
		9B0CCAA91CEA648E00207858 /* LoginViewController.m in Sources */ = {isa = PBXBuildFile; fileRef = 9B0CCAA81CEA648E00207858 /* LoginViewController.m */; };
		9B114F031D1563BD0098C26B /* UnitViewUtil.m in Sources */ = {isa = PBXBuildFile; fileRef = 9B114F021D1563BD0098C26B /* UnitViewUtil.m */; };
		9B4FDC701CE24E5C008C0E3B /* Localizable.strings in Resources */ = {isa = PBXBuildFile; fileRef = 9B4FDC721CE24E5C008C0E3B /* Localizable.strings */; };
		9B4FDC781CE38A06008C0E3B /* User.m in Sources */ = {isa = PBXBuildFile; fileRef = 9B4FDC771CE38A06008C0E3B /* User.m */; };
		9B4FDC871CE49D82008C0E3B /* ResponseResult.m in Sources */ = {isa = PBXBuildFile; fileRef = 9B4FDC861CE49D82008C0E3B /* ResponseResult.m */; };
		9B53667E1D03502D008D803A /* ErrorState.m in Sources */ = {isa = PBXBuildFile; fileRef = 9B53667D1D03502D008D803A /* ErrorState.m */; };
		9B774B1D1D0D76C7000BF4B3 /* CoreDataModel.xcdatamodeld in Sources */ = {isa = PBXBuildFile; fileRef = 9B774B1B1D0D76C7000BF4B3 /* CoreDataModel.xcdatamodeld */; };
		9B774B291D0D8000000BF4B3 /* MyDataController.m in Sources */ = {isa = PBXBuildFile; fileRef = 9B774B281D0D8000000BF4B3 /* MyDataController.m */; };
		9B774B2C1D0F1F43000BF4B3 /* CoreDataUser.m in Sources */ = {isa = PBXBuildFile; fileRef = 9B774B2B1D0F1F43000BF4B3 /* CoreDataUser.m */; };
		9B8843C31CEE14CE00FCC077 /* PublishViewController.m in Sources */ = {isa = PBXBuildFile; fileRef = 9B8843C11CEE14CE00FCC077 /* PublishViewController.m */; };
		9B8843C81CEE157E00FCC077 /* ProfilePageViewController.m in Sources */ = {isa = PBXBuildFile; fileRef = 9B8843C61CEE157E00FCC077 /* ProfilePageViewController.m */; };
		9B8843CD1CEE15A900FCC077 /* CurrentPostViewController.m in Sources */ = {isa = PBXBuildFile; fileRef = 9B8843CB1CEE15A900FCC077 /* CurrentPostViewController.m */; };
		9B8843D21CEE15EB00FCC077 /* NearbyViewController.m in Sources */ = {isa = PBXBuildFile; fileRef = 9B8843D01CEE15EB00FCC077 /* NearbyViewController.m */; };
		9B8843D71CEE161B00FCC077 /* MainMapViewController.m in Sources */ = {isa = PBXBuildFile; fileRef = 9B8843D51CEE161B00FCC077 /* MainMapViewController.m */; };
		9B8843DB1CEF916100FCC077 /* CommomUtils.m in Sources */ = {isa = PBXBuildFile; fileRef = 9B8843DA1CEF916100FCC077 /* CommomUtils.m */; };
		9B8843DE1CEF91A600FCC077 /* BasicViewController.m in Sources */ = {isa = PBXBuildFile; fileRef = 9B8843DD1CEF91A600FCC077 /* BasicViewController.m */; };
		9B8843E11CF0C49000FCC077 /* MyMarkerTableViewCell.m in Sources */ = {isa = PBXBuildFile; fileRef = 9B8843E01CF0C49000FCC077 /* MyMarkerTableViewCell.m */; };
		9B8843ED1CF35DAD00FCC077 /* LoginStatus.m in Sources */ = {isa = PBXBuildFile; fileRef = 9B8843EC1CF35DAD00FCC077 /* LoginStatus.m */; };
		9B8843F01CF5CCBC00FCC077 /* AvatarUIImageView.m in Sources */ = {isa = PBXBuildFile; fileRef = 9B8843EF1CF5CCBC00FCC077 /* AvatarUIImageView.m */; };
		9BB88DBE1CB25C92009A081A /* main.m in Sources */ = {isa = PBXBuildFile; fileRef = 9BB88DBD1CB25C92009A081A /* main.m */; };
		9BB88DC11CB25C92009A081A /* AppDelegate.m in Sources */ = {isa = PBXBuildFile; fileRef = 9BB88DC01CB25C92009A081A /* AppDelegate.m */; };
		9BB88DC41CB25C92009A081A /* ViewController.m in Sources */ = {isa = PBXBuildFile; fileRef = 9BB88DC31CB25C92009A081A /* ViewController.m */; };
		9BB88DC71CB25C92009A081A /* Main.storyboard in Resources */ = {isa = PBXBuildFile; fileRef = 9BB88DC51CB25C92009A081A /* Main.storyboard */; };
		9BB88DCC1CB25C92009A081A /* LaunchScreen.storyboard in Resources */ = {isa = PBXBuildFile; fileRef = 9BB88DCA1CB25C92009A081A /* LaunchScreen.storyboard */; };
		9BB88DD71CB25C92009A081A /* LoveMarkerTests.m in Sources */ = {isa = PBXBuildFile; fileRef = 9BB88DD61CB25C92009A081A /* LoveMarkerTests.m */; };
		9BB88DE21CB25C92009A081A /* LoveMarkerUITests.m in Sources */ = {isa = PBXBuildFile; fileRef = 9BB88DE11CB25C92009A081A /* LoveMarkerUITests.m */; };
		9BB88DF01CB27A3A009A081A /* splash_background.png in Resources */ = {isa = PBXBuildFile; fileRef = 9BB88DEF1CB27A3A009A081A /* splash_background.png */; };
		9BC15D2F1D13FFAC00BC1E0B /* RegisterLayoutView.m in Sources */ = {isa = PBXBuildFile; fileRef = 9BC15D2E1D13FFAC00BC1E0B /* RegisterLayoutView.m */; };
/* End PBXBuildFile section */

/* Begin PBXContainerItemProxy section */
		9BB88DD31CB25C92009A081A /* PBXContainerItemProxy */ = {
			isa = PBXContainerItemProxy;
			containerPortal = 9BB88DB11CB25C92009A081A /* Project object */;
			proxyType = 1;
			remoteGlobalIDString = 9BB88DB81CB25C92009A081A;
			remoteInfo = LoveMarker;
		};
		9BB88DDE1CB25C92009A081A /* PBXContainerItemProxy */ = {
			isa = PBXContainerItemProxy;
			containerPortal = 9BB88DB11CB25C92009A081A /* Project object */;
			proxyType = 1;
			remoteGlobalIDString = 9BB88DB81CB25C92009A081A;
			remoteInfo = LoveMarker;
		};
/* End PBXContainerItemProxy section */

/* Begin PBXFileReference section */
		9B07BD461D147CD8002B145E /* RegisterViewController.h */ = {isa = PBXFileReference; fileEncoding = 4; lastKnownFileType = sourcecode.c.h; path = RegisterViewController.h; sourceTree = "<group>"; };
		9B07BD471D147CD8002B145E /* RegisterViewController.m */ = {isa = PBXFileReference; fileEncoding = 4; lastKnownFileType = sourcecode.c.objc; path = RegisterViewController.m; sourceTree = "<group>"; };
		9B0CCA541CE61EBF00207858 /* AFHTTPSessionManager.h */ = {isa = PBXFileReference; fileEncoding = 4; lastKnownFileType = sourcecode.c.h; path = AFHTTPSessionManager.h; sourceTree = "<group>"; };
		9B0CCA551CE61EBF00207858 /* AFHTTPSessionManager.m */ = {isa = PBXFileReference; fileEncoding = 4; lastKnownFileType = sourcecode.c.objc; path = AFHTTPSessionManager.m; sourceTree = "<group>"; };
		9B0CCA561CE61EBF00207858 /* AFNetworking.h */ = {isa = PBXFileReference; fileEncoding = 4; lastKnownFileType = sourcecode.c.h; path = AFNetworking.h; sourceTree = "<group>"; };
		9B0CCA571CE61EBF00207858 /* AFNetworkReachabilityManager.h */ = {isa = PBXFileReference; fileEncoding = 4; lastKnownFileType = sourcecode.c.h; path = AFNetworkReachabilityManager.h; sourceTree = "<group>"; };
		9B0CCA581CE61EBF00207858 /* AFNetworkReachabilityManager.m */ = {isa = PBXFileReference; fileEncoding = 4; lastKnownFileType = sourcecode.c.objc; path = AFNetworkReachabilityManager.m; sourceTree = "<group>"; };
		9B0CCA591CE61EBF00207858 /* AFSecurityPolicy.h */ = {isa = PBXFileReference; fileEncoding = 4; lastKnownFileType = sourcecode.c.h; path = AFSecurityPolicy.h; sourceTree = "<group>"; };
		9B0CCA5A1CE61EBF00207858 /* AFSecurityPolicy.m */ = {isa = PBXFileReference; fileEncoding = 4; lastKnownFileType = sourcecode.c.objc; path = AFSecurityPolicy.m; sourceTree = "<group>"; };
		9B0CCA5B1CE61EBF00207858 /* AFURLRequestSerialization.h */ = {isa = PBXFileReference; fileEncoding = 4; lastKnownFileType = sourcecode.c.h; path = AFURLRequestSerialization.h; sourceTree = "<group>"; };
		9B0CCA5C1CE61EBF00207858 /* AFURLRequestSerialization.m */ = {isa = PBXFileReference; fileEncoding = 4; lastKnownFileType = sourcecode.c.objc; path = AFURLRequestSerialization.m; sourceTree = "<group>"; };
		9B0CCA5D1CE61EBF00207858 /* AFURLResponseSerialization.h */ = {isa = PBXFileReference; fileEncoding = 4; lastKnownFileType = sourcecode.c.h; path = AFURLResponseSerialization.h; sourceTree = "<group>"; };
		9B0CCA5E1CE61EBF00207858 /* AFURLResponseSerialization.m */ = {isa = PBXFileReference; fileEncoding = 4; lastKnownFileType = sourcecode.c.objc; path = AFURLResponseSerialization.m; sourceTree = "<group>"; };
		9B0CCA5F1CE61EBF00207858 /* AFURLSessionManager.h */ = {isa = PBXFileReference; fileEncoding = 4; lastKnownFileType = sourcecode.c.h; path = AFURLSessionManager.h; sourceTree = "<group>"; };
		9B0CCA601CE61EBF00207858 /* AFURLSessionManager.m */ = {isa = PBXFileReference; fileEncoding = 4; lastKnownFileType = sourcecode.c.objc; path = AFURLSessionManager.m; sourceTree = "<group>"; };
		9B0CCA621CE61EBF00207858 /* AFAutoPurgingImageCache.h */ = {isa = PBXFileReference; fileEncoding = 4; lastKnownFileType = sourcecode.c.h; path = AFAutoPurgingImageCache.h; sourceTree = "<group>"; };
		9B0CCA631CE61EBF00207858 /* AFAutoPurgingImageCache.m */ = {isa = PBXFileReference; fileEncoding = 4; lastKnownFileType = sourcecode.c.objc; path = AFAutoPurgingImageCache.m; sourceTree = "<group>"; };
		9B0CCA641CE61EBF00207858 /* AFImageDownloader.h */ = {isa = PBXFileReference; fileEncoding = 4; lastKnownFileType = sourcecode.c.h; path = AFImageDownloader.h; sourceTree = "<group>"; };
		9B0CCA651CE61EBF00207858 /* AFImageDownloader.m */ = {isa = PBXFileReference; fileEncoding = 4; lastKnownFileType = sourcecode.c.objc; path = AFImageDownloader.m; sourceTree = "<group>"; };
		9B0CCA661CE61EBF00207858 /* AFNetworkActivityIndicatorManager.h */ = {isa = PBXFileReference; fileEncoding = 4; lastKnownFileType = sourcecode.c.h; path = AFNetworkActivityIndicatorManager.h; sourceTree = "<group>"; };
		9B0CCA671CE61EBF00207858 /* AFNetworkActivityIndicatorManager.m */ = {isa = PBXFileReference; fileEncoding = 4; lastKnownFileType = sourcecode.c.objc; path = AFNetworkActivityIndicatorManager.m; sourceTree = "<group>"; };
		9B0CCA681CE61EBF00207858 /* UIActivityIndicatorView+AFNetworking.h */ = {isa = PBXFileReference; fileEncoding = 4; lastKnownFileType = sourcecode.c.h; path = "UIActivityIndicatorView+AFNetworking.h"; sourceTree = "<group>"; };
		9B0CCA691CE61EBF00207858 /* UIActivityIndicatorView+AFNetworking.m */ = {isa = PBXFileReference; fileEncoding = 4; lastKnownFileType = sourcecode.c.objc; path = "UIActivityIndicatorView+AFNetworking.m"; sourceTree = "<group>"; };
		9B0CCA6A1CE61EBF00207858 /* UIButton+AFNetworking.h */ = {isa = PBXFileReference; fileEncoding = 4; lastKnownFileType = sourcecode.c.h; path = "UIButton+AFNetworking.h"; sourceTree = "<group>"; };
		9B0CCA6B1CE61EBF00207858 /* UIButton+AFNetworking.m */ = {isa = PBXFileReference; fileEncoding = 4; lastKnownFileType = sourcecode.c.objc; path = "UIButton+AFNetworking.m"; sourceTree = "<group>"; };
		9B0CCA6C1CE61EBF00207858 /* UIImage+AFNetworking.h */ = {isa = PBXFileReference; fileEncoding = 4; lastKnownFileType = sourcecode.c.h; path = "UIImage+AFNetworking.h"; sourceTree = "<group>"; };
		9B0CCA6D1CE61EBF00207858 /* UIImageView+AFNetworking.h */ = {isa = PBXFileReference; fileEncoding = 4; lastKnownFileType = sourcecode.c.h; path = "UIImageView+AFNetworking.h"; sourceTree = "<group>"; };
		9B0CCA6E1CE61EBF00207858 /* UIImageView+AFNetworking.m */ = {isa = PBXFileReference; fileEncoding = 4; lastKnownFileType = sourcecode.c.objc; path = "UIImageView+AFNetworking.m"; sourceTree = "<group>"; };
		9B0CCA6F1CE61EBF00207858 /* UIKit+AFNetworking.h */ = {isa = PBXFileReference; fileEncoding = 4; lastKnownFileType = sourcecode.c.h; path = "UIKit+AFNetworking.h"; sourceTree = "<group>"; };
		9B0CCA701CE61EBF00207858 /* UIProgressView+AFNetworking.h */ = {isa = PBXFileReference; fileEncoding = 4; lastKnownFileType = sourcecode.c.h; path = "UIProgressView+AFNetworking.h"; sourceTree = "<group>"; };
		9B0CCA711CE61EBF00207858 /* UIProgressView+AFNetworking.m */ = {isa = PBXFileReference; fileEncoding = 4; lastKnownFileType = sourcecode.c.objc; path = "UIProgressView+AFNetworking.m"; sourceTree = "<group>"; };
		9B0CCA721CE61EBF00207858 /* UIRefreshControl+AFNetworking.h */ = {isa = PBXFileReference; fileEncoding = 4; lastKnownFileType = sourcecode.c.h; path = "UIRefreshControl+AFNetworking.h"; sourceTree = "<group>"; };
		9B0CCA731CE61EBF00207858 /* UIRefreshControl+AFNetworking.m */ = {isa = PBXFileReference; fileEncoding = 4; lastKnownFileType = sourcecode.c.objc; path = "UIRefreshControl+AFNetworking.m"; sourceTree = "<group>"; };
		9B0CCA741CE61EBF00207858 /* UIWebView+AFNetworking.h */ = {isa = PBXFileReference; fileEncoding = 4; lastKnownFileType = sourcecode.c.h; path = "UIWebView+AFNetworking.h"; sourceTree = "<group>"; };
		9B0CCA751CE61EBF00207858 /* UIWebView+AFNetworking.m */ = {isa = PBXFileReference; fileEncoding = 4; lastKnownFileType = sourcecode.c.objc; path = "UIWebView+AFNetworking.m"; sourceTree = "<group>"; };
		9B0CCA761CE61EBF00207858 /* HttpConfiguration.h */ = {isa = PBXFileReference; fileEncoding = 4; lastKnownFileType = sourcecode.c.h; path = HttpConfiguration.h; sourceTree = "<group>"; };
		9B0CCA771CE61EBF00207858 /* HttpConfiguration.m */ = {isa = PBXFileReference; fileEncoding = 4; lastKnownFileType = sourcecode.c.objc; path = HttpConfiguration.m; sourceTree = "<group>"; };
		9B0CCA781CE61EBF00207858 /* HttpRequest.h */ = {isa = PBXFileReference; fileEncoding = 4; lastKnownFileType = sourcecode.c.h; path = HttpRequest.h; sourceTree = "<group>"; };
		9B0CCA791CE61EBF00207858 /* HttpRequest.m */ = {isa = PBXFileReference; fileEncoding = 4; lastKnownFileType = sourcecode.c.objc; path = HttpRequest.m; sourceTree = "<group>"; };
		9B0CCA8B1CE61F1600207858 /* NSObject+ObjectMap.h */ = {isa = PBXFileReference; fileEncoding = 4; lastKnownFileType = sourcecode.c.h; path = "NSObject+ObjectMap.h"; sourceTree = "<group>"; };
		9B0CCA8C1CE61F1600207858 /* NSObject+ObjectMap.m */ = {isa = PBXFileReference; fileEncoding = 4; lastKnownFileType = sourcecode.c.objc; path = "NSObject+ObjectMap.m"; sourceTree = "<group>"; };
		9B0CCA8E1CE65F7C00207858 /* TopLayoutView.h */ = {isa = PBXFileReference; fileEncoding = 4; lastKnownFileType = sourcecode.c.h; path = TopLayoutView.h; sourceTree = "<group>"; };
		9B0CCA8F1CE65F7C00207858 /* TopLayoutView.m */ = {isa = PBXFileReference; fileEncoding = 4; lastKnownFileType = sourcecode.c.objc; path = TopLayoutView.m; sourceTree = "<group>"; };
		9B0CCAA01CEA367E00207858 /* Assets.xcassets */ = {isa = PBXFileReference; lastKnownFileType = folder.assetcatalog; path = Assets.xcassets; sourceTree = "<group>"; };
		9B0CCAA71CEA648E00207858 /* LoginViewController.h */ = {isa = PBXFileReference; fileEncoding = 4; lastKnownFileType = sourcecode.c.h; path = LoginViewController.h; sourceTree = "<group>"; };
		9B0CCAA81CEA648E00207858 /* LoginViewController.m */ = {isa = PBXFileReference; fileEncoding = 4; lastKnownFileType = sourcecode.c.objc; path = LoginViewController.m; sourceTree = "<group>"; };
		9B114F011D1563BD0098C26B /* UnitViewUtil.h */ = {isa = PBXFileReference; fileEncoding = 4; lastKnownFileType = sourcecode.c.h; path = UnitViewUtil.h; sourceTree = "<group>"; };
		9B114F021D1563BD0098C26B /* UnitViewUtil.m */ = {isa = PBXFileReference; fileEncoding = 4; lastKnownFileType = sourcecode.c.objc; path = UnitViewUtil.m; sourceTree = "<group>"; };
		9B4FDC711CE24E5C008C0E3B /* en */ = {isa = PBXFileReference; lastKnownFileType = text.plist.strings; name = en; path = en.lproj/Localizable.strings; sourceTree = "<group>"; };
		9B4FDC731CE24EC0008C0E3B /* zh-Hans */ = {isa = PBXFileReference; lastKnownFileType = text.plist.strings; name = "zh-Hans"; path = "zh-Hans.lproj/Localizable.strings"; sourceTree = "<group>"; };
		9B4FDC761CE38A06008C0E3B /* User.h */ = {isa = PBXFileReference; fileEncoding = 4; lastKnownFileType = sourcecode.c.h; path = User.h; sourceTree = "<group>"; };
		9B4FDC771CE38A06008C0E3B /* User.m */ = {isa = PBXFileReference; fileEncoding = 4; lastKnownFileType = sourcecode.c.objc; path = User.m; sourceTree = "<group>"; };
		9B4FDC851CE49D82008C0E3B /* ResponseResult.h */ = {isa = PBXFileReference; fileEncoding = 4; lastKnownFileType = sourcecode.c.h; path = ResponseResult.h; sourceTree = "<group>"; };
		9B4FDC861CE49D82008C0E3B /* ResponseResult.m */ = {isa = PBXFileReference; fileEncoding = 4; lastKnownFileType = sourcecode.c.objc; path = ResponseResult.m; sourceTree = "<group>"; };
		9B53667C1D03502D008D803A /* ErrorState.h */ = {isa = PBXFileReference; fileEncoding = 4; lastKnownFileType = sourcecode.c.h; path = ErrorState.h; sourceTree = "<group>"; };
		9B53667D1D03502D008D803A /* ErrorState.m */ = {isa = PBXFileReference; fileEncoding = 4; lastKnownFileType = sourcecode.c.objc; path = ErrorState.m; sourceTree = "<group>"; };
		9B774B1C1D0D76C7000BF4B3 /* CoreDataModel.xcdatamodel */ = {isa = PBXFileReference; lastKnownFileType = wrapper.xcdatamodel; path = CoreDataModel.xcdatamodel; sourceTree = "<group>"; };
		9B774B271D0D8000000BF4B3 /* MyDataController.h */ = {isa = PBXFileReference; fileEncoding = 4; lastKnownFileType = sourcecode.c.h; path = MyDataController.h; sourceTree = "<group>"; };
		9B774B281D0D8000000BF4B3 /* MyDataController.m */ = {isa = PBXFileReference; fileEncoding = 4; lastKnownFileType = sourcecode.c.objc; path = MyDataController.m; sourceTree = "<group>"; };
		9B774B2A1D0F1F43000BF4B3 /* CoreDataUser.h */ = {isa = PBXFileReference; fileEncoding = 4; lastKnownFileType = sourcecode.c.h; path = CoreDataUser.h; sourceTree = "<group>"; };
		9B774B2B1D0F1F43000BF4B3 /* CoreDataUser.m */ = {isa = PBXFileReference; fileEncoding = 4; lastKnownFileType = sourcecode.c.objc; path = CoreDataUser.m; sourceTree = "<group>"; };
		9B8843C01CEE14CE00FCC077 /* PublishViewController.h */ = {isa = PBXFileReference; fileEncoding = 4; lastKnownFileType = sourcecode.c.h; path = PublishViewController.h; sourceTree = "<group>"; };
		9B8843C11CEE14CE00FCC077 /* PublishViewController.m */ = {isa = PBXFileReference; fileEncoding = 4; lastKnownFileType = sourcecode.c.objc; path = PublishViewController.m; sourceTree = "<group>"; };
		9B8843C51CEE157E00FCC077 /* ProfilePageViewController.h */ = {isa = PBXFileReference; fileEncoding = 4; lastKnownFileType = sourcecode.c.h; path = ProfilePageViewController.h; sourceTree = "<group>"; };
		9B8843C61CEE157E00FCC077 /* ProfilePageViewController.m */ = {isa = PBXFileReference; fileEncoding = 4; lastKnownFileType = sourcecode.c.objc; path = ProfilePageViewController.m; sourceTree = "<group>"; };
		9B8843CA1CEE15A900FCC077 /* CurrentPostViewController.h */ = {isa = PBXFileReference; fileEncoding = 4; lastKnownFileType = sourcecode.c.h; path = CurrentPostViewController.h; sourceTree = "<group>"; };
		9B8843CB1CEE15A900FCC077 /* CurrentPostViewController.m */ = {isa = PBXFileReference; fileEncoding = 4; lastKnownFileType = sourcecode.c.objc; path = CurrentPostViewController.m; sourceTree = "<group>"; };
		9B8843CF1CEE15EB00FCC077 /* NearbyViewController.h */ = {isa = PBXFileReference; fileEncoding = 4; lastKnownFileType = sourcecode.c.h; path = NearbyViewController.h; sourceTree = "<group>"; };
		9B8843D01CEE15EB00FCC077 /* NearbyViewController.m */ = {isa = PBXFileReference; fileEncoding = 4; lastKnownFileType = sourcecode.c.objc; path = NearbyViewController.m; sourceTree = "<group>"; };
		9B8843D41CEE161B00FCC077 /* MainMapViewController.h */ = {isa = PBXFileReference; fileEncoding = 4; lastKnownFileType = sourcecode.c.h; path = MainMapViewController.h; sourceTree = "<group>"; };
		9B8843D51CEE161B00FCC077 /* MainMapViewController.m */ = {isa = PBXFileReference; fileEncoding = 4; lastKnownFileType = sourcecode.c.objc; path = MainMapViewController.m; sourceTree = "<group>"; };
		9B8843D91CEF916100FCC077 /* CommomUtils.h */ = {isa = PBXFileReference; fileEncoding = 4; lastKnownFileType = sourcecode.c.h; path = CommomUtils.h; sourceTree = "<group>"; };
		9B8843DA1CEF916100FCC077 /* CommomUtils.m */ = {isa = PBXFileReference; fileEncoding = 4; lastKnownFileType = sourcecode.c.objc; path = CommomUtils.m; sourceTree = "<group>"; };
		9B8843DC1CEF91A600FCC077 /* BasicViewController.h */ = {isa = PBXFileReference; fileEncoding = 4; lastKnownFileType = sourcecode.c.h; path = BasicViewController.h; sourceTree = "<group>"; };
		9B8843DD1CEF91A600FCC077 /* BasicViewController.m */ = {isa = PBXFileReference; fileEncoding = 4; lastKnownFileType = sourcecode.c.objc; path = BasicViewController.m; sourceTree = "<group>"; };
		9B8843DF1CF0C49000FCC077 /* MyMarkerTableViewCell.h */ = {isa = PBXFileReference; fileEncoding = 4; lastKnownFileType = sourcecode.c.h; path = MyMarkerTableViewCell.h; sourceTree = "<group>"; };
		9B8843E01CF0C49000FCC077 /* MyMarkerTableViewCell.m */ = {isa = PBXFileReference; fileEncoding = 4; lastKnownFileType = sourcecode.c.objc; path = MyMarkerTableViewCell.m; sourceTree = "<group>"; };
		9B8843EB1CF35DAD00FCC077 /* LoginStatus.h */ = {isa = PBXFileReference; fileEncoding = 4; lastKnownFileType = sourcecode.c.h; path = LoginStatus.h; sourceTree = "<group>"; };
		9B8843EC1CF35DAD00FCC077 /* LoginStatus.m */ = {isa = PBXFileReference; fileEncoding = 4; lastKnownFileType = sourcecode.c.objc; path = LoginStatus.m; sourceTree = "<group>"; };
		9B8843EE1CF5CCBC00FCC077 /* AvatarUIImageView.h */ = {isa = PBXFileReference; fileEncoding = 4; lastKnownFileType = sourcecode.c.h; path = AvatarUIImageView.h; sourceTree = "<group>"; };
		9B8843EF1CF5CCBC00FCC077 /* AvatarUIImageView.m */ = {isa = PBXFileReference; fileEncoding = 4; lastKnownFileType = sourcecode.c.objc; path = AvatarUIImageView.m; sourceTree = "<group>"; };
		9BB88DB91CB25C92009A081A /* LoveMarker.app */ = {isa = PBXFileReference; explicitFileType = wrapper.application; includeInIndex = 0; path = LoveMarker.app; sourceTree = BUILT_PRODUCTS_DIR; };
		9BB88DBD1CB25C92009A081A /* main.m */ = {isa = PBXFileReference; lastKnownFileType = sourcecode.c.objc; path = main.m; sourceTree = "<group>"; };
		9BB88DBF1CB25C92009A081A /* AppDelegate.h */ = {isa = PBXFileReference; lastKnownFileType = sourcecode.c.h; path = AppDelegate.h; sourceTree = "<group>"; };
		9BB88DC01CB25C92009A081A /* AppDelegate.m */ = {isa = PBXFileReference; lastKnownFileType = sourcecode.c.objc; path = AppDelegate.m; sourceTree = "<group>"; };
		9BB88DC21CB25C92009A081A /* ViewController.h */ = {isa = PBXFileReference; lastKnownFileType = sourcecode.c.h; path = ViewController.h; sourceTree = "<group>"; };
		9BB88DC31CB25C92009A081A /* ViewController.m */ = {isa = PBXFileReference; lastKnownFileType = sourcecode.c.objc; path = ViewController.m; sourceTree = "<group>"; };
		9BB88DC61CB25C92009A081A /* Base */ = {isa = PBXFileReference; lastKnownFileType = file.storyboard; name = Base; path = Base.lproj/Main.storyboard; sourceTree = "<group>"; };
		9BB88DCB1CB25C92009A081A /* Base */ = {isa = PBXFileReference; lastKnownFileType = file.storyboard; name = Base; path = Base.lproj/LaunchScreen.storyboard; sourceTree = "<group>"; };
		9BB88DCD1CB25C92009A081A /* Info.plist */ = {isa = PBXFileReference; lastKnownFileType = text.plist.xml; path = Info.plist; sourceTree = "<group>"; };
		9BB88DD21CB25C92009A081A /* LoveMarkerTests.xctest */ = {isa = PBXFileReference; explicitFileType = wrapper.cfbundle; includeInIndex = 0; path = LoveMarkerTests.xctest; sourceTree = BUILT_PRODUCTS_DIR; };
		9BB88DD61CB25C92009A081A /* LoveMarkerTests.m */ = {isa = PBXFileReference; lastKnownFileType = sourcecode.c.objc; path = LoveMarkerTests.m; sourceTree = "<group>"; };
		9BB88DD81CB25C92009A081A /* Info.plist */ = {isa = PBXFileReference; lastKnownFileType = text.plist.xml; path = Info.plist; sourceTree = "<group>"; };
		9BB88DDD1CB25C92009A081A /* LoveMarkerUITests.xctest */ = {isa = PBXFileReference; explicitFileType = wrapper.cfbundle; includeInIndex = 0; path = LoveMarkerUITests.xctest; sourceTree = BUILT_PRODUCTS_DIR; };
		9BB88DE11CB25C92009A081A /* LoveMarkerUITests.m */ = {isa = PBXFileReference; lastKnownFileType = sourcecode.c.objc; path = LoveMarkerUITests.m; sourceTree = "<group>"; };
		9BB88DE31CB25C92009A081A /* Info.plist */ = {isa = PBXFileReference; lastKnownFileType = text.plist.xml; path = Info.plist; sourceTree = "<group>"; };
		9BB88DEF1CB27A3A009A081A /* splash_background.png */ = {isa = PBXFileReference; lastKnownFileType = image.png; name = splash_background.png; path = ../../../Here/app/src/main/res/drawable/splash_background.png; sourceTree = "<group>"; };
		9BC15D2D1D13FFAC00BC1E0B /* RegisterLayoutView.h */ = {isa = PBXFileReference; fileEncoding = 4; lastKnownFileType = sourcecode.c.h; path = RegisterLayoutView.h; sourceTree = "<group>"; };
		9BC15D2E1D13FFAC00BC1E0B /* RegisterLayoutView.m */ = {isa = PBXFileReference; fileEncoding = 4; lastKnownFileType = sourcecode.c.objc; path = RegisterLayoutView.m; sourceTree = "<group>"; };
/* End PBXFileReference section */

/* Begin PBXFrameworksBuildPhase section */
		9BB88DB61CB25C92009A081A /* Frameworks */ = {
			isa = PBXFrameworksBuildPhase;
			buildActionMask = 2147483647;
			files = (
			);
			runOnlyForDeploymentPostprocessing = 0;
		};
		9BB88DCF1CB25C92009A081A /* Frameworks */ = {
			isa = PBXFrameworksBuildPhase;
			buildActionMask = 2147483647;
			files = (
			);
			runOnlyForDeploymentPostprocessing = 0;
		};
		9BB88DDA1CB25C92009A081A /* Frameworks */ = {
			isa = PBXFrameworksBuildPhase;
			buildActionMask = 2147483647;
			files = (
			);
			runOnlyForDeploymentPostprocessing = 0;
		};
/* End PBXFrameworksBuildPhase section */

/* Begin PBXGroup section */
		9B0CCA511CE61EBF00207858 /* Utils */ = {
			isa = PBXGroup;
			children = (
				9B0CCA521CE61EBF00207858 /* NetWorkUtil */,
				9B8843D91CEF916100FCC077 /* CommomUtils.h */,
				9B8843DA1CEF916100FCC077 /* CommomUtils.m */,
				9B0CCA8C1CE61F1600207858 /* NSObject+ObjectMap.m */,
				9B0CCA8B1CE61F1600207858 /* NSObject+ObjectMap.h */,
				9B774B271D0D8000000BF4B3 /* MyDataController.h */,
				9B774B281D0D8000000BF4B3 /* MyDataController.m */,
			);
			path = Utils;
			sourceTree = "<group>";
		};
		9B0CCA521CE61EBF00207858 /* NetWorkUtil */ = {
			isa = PBXGroup;
			children = (
				9B0CCA531CE61EBF00207858 /* AFNetworking */,
				9B0CCA761CE61EBF00207858 /* HttpConfiguration.h */,
				9B0CCA771CE61EBF00207858 /* HttpConfiguration.m */,
				9B0CCA781CE61EBF00207858 /* HttpRequest.h */,
				9B0CCA791CE61EBF00207858 /* HttpRequest.m */,
			);
			path = NetWorkUtil;
			sourceTree = "<group>";
		};
		9B0CCA531CE61EBF00207858 /* AFNetworking */ = {
			isa = PBXGroup;
			children = (
				9B0CCA541CE61EBF00207858 /* AFHTTPSessionManager.h */,
				9B0CCA551CE61EBF00207858 /* AFHTTPSessionManager.m */,
				9B0CCA561CE61EBF00207858 /* AFNetworking.h */,
				9B0CCA571CE61EBF00207858 /* AFNetworkReachabilityManager.h */,
				9B0CCA581CE61EBF00207858 /* AFNetworkReachabilityManager.m */,
				9B0CCA591CE61EBF00207858 /* AFSecurityPolicy.h */,
				9B0CCA5A1CE61EBF00207858 /* AFSecurityPolicy.m */,
				9B0CCA5B1CE61EBF00207858 /* AFURLRequestSerialization.h */,
				9B0CCA5C1CE61EBF00207858 /* AFURLRequestSerialization.m */,
				9B0CCA5D1CE61EBF00207858 /* AFURLResponseSerialization.h */,
				9B0CCA5E1CE61EBF00207858 /* AFURLResponseSerialization.m */,
				9B0CCA5F1CE61EBF00207858 /* AFURLSessionManager.h */,
				9B0CCA601CE61EBF00207858 /* AFURLSessionManager.m */,
				9B0CCA611CE61EBF00207858 /* UIKit+AFNetworking */,
			);
			path = AFNetworking;
			sourceTree = "<group>";
		};
		9B0CCA611CE61EBF00207858 /* UIKit+AFNetworking */ = {
			isa = PBXGroup;
			children = (
				9B0CCA621CE61EBF00207858 /* AFAutoPurgingImageCache.h */,
				9B0CCA631CE61EBF00207858 /* AFAutoPurgingImageCache.m */,
				9B0CCA641CE61EBF00207858 /* AFImageDownloader.h */,
				9B0CCA651CE61EBF00207858 /* AFImageDownloader.m */,
				9B0CCA661CE61EBF00207858 /* AFNetworkActivityIndicatorManager.h */,
				9B0CCA671CE61EBF00207858 /* AFNetworkActivityIndicatorManager.m */,
				9B0CCA681CE61EBF00207858 /* UIActivityIndicatorView+AFNetworking.h */,
				9B0CCA691CE61EBF00207858 /* UIActivityIndicatorView+AFNetworking.m */,
				9B0CCA6A1CE61EBF00207858 /* UIButton+AFNetworking.h */,
				9B0CCA6B1CE61EBF00207858 /* UIButton+AFNetworking.m */,
				9B0CCA6C1CE61EBF00207858 /* UIImage+AFNetworking.h */,
				9B0CCA6D1CE61EBF00207858 /* UIImageView+AFNetworking.h */,
				9B0CCA6E1CE61EBF00207858 /* UIImageView+AFNetworking.m */,
				9B0CCA6F1CE61EBF00207858 /* UIKit+AFNetworking.h */,
				9B0CCA701CE61EBF00207858 /* UIProgressView+AFNetworking.h */,
				9B0CCA711CE61EBF00207858 /* UIProgressView+AFNetworking.m */,
				9B0CCA721CE61EBF00207858 /* UIRefreshControl+AFNetworking.h */,
				9B0CCA731CE61EBF00207858 /* UIRefreshControl+AFNetworking.m */,
				9B0CCA741CE61EBF00207858 /* UIWebView+AFNetworking.h */,
				9B0CCA751CE61EBF00207858 /* UIWebView+AFNetworking.m */,
			);
			path = "UIKit+AFNetworking";
			sourceTree = "<group>";
		};
		9B4FDC521CDD017B008C0E3B /* Model */ = {
			isa = PBXGroup;
			children = (
				9B4FDC761CE38A06008C0E3B /* User.h */,
				9B4FDC771CE38A06008C0E3B /* User.m */,
				9B4FDC851CE49D82008C0E3B /* ResponseResult.h */,
				9B4FDC861CE49D82008C0E3B /* ResponseResult.m */,
				9B8843EB1CF35DAD00FCC077 /* LoginStatus.h */,
				9B8843EC1CF35DAD00FCC077 /* LoginStatus.m */,
				9B53667C1D03502D008D803A /* ErrorState.h */,
				9B53667D1D03502D008D803A /* ErrorState.m */,
				9B774B2A1D0F1F43000BF4B3 /* CoreDataUser.h */,
				9B774B2B1D0F1F43000BF4B3 /* CoreDataUser.m */,
			);
			path = Model;
			sourceTree = "<group>";
		};
		9B4FDC531CDD0186008C0E3B /* View */ = {
			isa = PBXGroup;
			children = (
				9B0CCA8E1CE65F7C00207858 /* TopLayoutView.h */,
				9B0CCA8F1CE65F7C00207858 /* TopLayoutView.m */,
				9B8843DF1CF0C49000FCC077 /* MyMarkerTableViewCell.h */,
				9B8843E01CF0C49000FCC077 /* MyMarkerTableViewCell.m */,
				9B8843EE1CF5CCBC00FCC077 /* AvatarUIImageView.h */,
				9B8843EF1CF5CCBC00FCC077 /* AvatarUIImageView.m */,
				9BC15D2D1D13FFAC00BC1E0B /* RegisterLayoutView.h */,
				9BC15D2E1D13FFAC00BC1E0B /* RegisterLayoutView.m */,
				9B114F011D1563BD0098C26B /* UnitViewUtil.h */,
				9B114F021D1563BD0098C26B /* UnitViewUtil.m */,
			);
			path = View;
			sourceTree = "<group>";
		};
		9B4FDC541CDD0190008C0E3B /* Controller */ = {
			isa = PBXGroup;
			children = (
				9B0CCAA71CEA648E00207858 /* LoginViewController.h */,
				9B0CCAA81CEA648E00207858 /* LoginViewController.m */,
				9B8843C01CEE14CE00FCC077 /* PublishViewController.h */,
				9B8843C11CEE14CE00FCC077 /* PublishViewController.m */,
				9B8843C51CEE157E00FCC077 /* ProfilePageViewController.h */,
				9B8843C61CEE157E00FCC077 /* ProfilePageViewController.m */,
				9B8843CA1CEE15A900FCC077 /* CurrentPostViewController.h */,
				9B8843CB1CEE15A900FCC077 /* CurrentPostViewController.m */,
				9B8843CF1CEE15EB00FCC077 /* NearbyViewController.h */,
				9B8843D01CEE15EB00FCC077 /* NearbyViewController.m */,
				9B8843D41CEE161B00FCC077 /* MainMapViewController.h */,
				9B8843D51CEE161B00FCC077 /* MainMapViewController.m */,
				9B8843DC1CEF91A600FCC077 /* BasicViewController.h */,
				9B8843DD1CEF91A600FCC077 /* BasicViewController.m */,
				9B07BD461D147CD8002B145E /* RegisterViewController.h */,
				9B07BD471D147CD8002B145E /* RegisterViewController.m */,
			);
			path = Controller;
			sourceTree = "<group>";
		};
		9BB88DB01CB25C92009A081A = {
			isa = PBXGroup;
			children = (
				9BB88DBB1CB25C92009A081A /* LoveMarker */,
				9BB88DD51CB25C92009A081A /* LoveMarkerTests */,
				9BB88DE01CB25C92009A081A /* LoveMarkerUITests */,
				9BB88DBA1CB25C92009A081A /* Products */,
			);
			sourceTree = "<group>";
		};
		9BB88DBA1CB25C92009A081A /* Products */ = {
			isa = PBXGroup;
			children = (
				9BB88DB91CB25C92009A081A /* LoveMarker.app */,
				9BB88DD21CB25C92009A081A /* LoveMarkerTests.xctest */,
				9BB88DDD1CB25C92009A081A /* LoveMarkerUITests.xctest */,
			);
			name = Products;
			sourceTree = "<group>";
		};
		9BB88DBB1CB25C92009A081A /* LoveMarker */ = {
			isa = PBXGroup;
			children = (
				9B0CCA511CE61EBF00207858 /* Utils */,
				9B4FDC541CDD0190008C0E3B /* Controller */,
				9B4FDC531CDD0186008C0E3B /* View */,
				9B4FDC521CDD017B008C0E3B /* Model */,
				9BB88DBF1CB25C92009A081A /* AppDelegate.h */,
				9BB88DC01CB25C92009A081A /* AppDelegate.m */,
				9BB88DC21CB25C92009A081A /* ViewController.h */,
				9BB88DC31CB25C92009A081A /* ViewController.m */,
				9BB88DC51CB25C92009A081A /* Main.storyboard */,
				9BB88DCA1CB25C92009A081A /* LaunchScreen.storyboard */,
				9BB88DCD1CB25C92009A081A /* Info.plist */,
				9B0CCAA01CEA367E00207858 /* Assets.xcassets */,
				9B774B1B1D0D76C7000BF4B3 /* CoreDataModel.xcdatamodeld */,
				9BB88DBC1CB25C92009A081A /* Supporting Files */,
			);
			path = LoveMarker;
			sourceTree = "<group>";
		};
		9BB88DBC1CB25C92009A081A /* Supporting Files */ = {
			isa = PBXGroup;
			children = (
				9BB88DEF1CB27A3A009A081A /* splash_background.png */,
				9BB88DBD1CB25C92009A081A /* main.m */,
				9B4FDC721CE24E5C008C0E3B /* Localizable.strings */,
			);
			name = "Supporting Files";
			sourceTree = "<group>";
		};
		9BB88DD51CB25C92009A081A /* LoveMarkerTests */ = {
			isa = PBXGroup;
			children = (
				9BB88DD61CB25C92009A081A /* LoveMarkerTests.m */,
				9BB88DD81CB25C92009A081A /* Info.plist */,
			);
			path = LoveMarkerTests;
			sourceTree = "<group>";
		};
		9BB88DE01CB25C92009A081A /* LoveMarkerUITests */ = {
			isa = PBXGroup;
			children = (
				9BB88DE11CB25C92009A081A /* LoveMarkerUITests.m */,
				9BB88DE31CB25C92009A081A /* Info.plist */,
			);
			path = LoveMarkerUITests;
			sourceTree = "<group>";
		};
/* End PBXGroup section */

/* Begin PBXNativeTarget section */
		9BB88DB81CB25C92009A081A /* LoveMarker */ = {
			isa = PBXNativeTarget;
			buildConfigurationList = 9BB88DE61CB25C92009A081A /* Build configuration list for PBXNativeTarget "LoveMarker" */;
			buildPhases = (
				9BB88DB51CB25C92009A081A /* Sources */,
				9BB88DB61CB25C92009A081A /* Frameworks */,
				9BB88DB71CB25C92009A081A /* Resources */,
			);
			buildRules = (
			);
			dependencies = (
			);
			name = LoveMarker;
			productName = LoveMarker;
			productReference = 9BB88DB91CB25C92009A081A /* LoveMarker.app */;
			productType = "com.apple.product-type.application";
		};
		9BB88DD11CB25C92009A081A /* LoveMarkerTests */ = {
			isa = PBXNativeTarget;
			buildConfigurationList = 9BB88DE91CB25C92009A081A /* Build configuration list for PBXNativeTarget "LoveMarkerTests" */;
			buildPhases = (
				9BB88DCE1CB25C92009A081A /* Sources */,
				9BB88DCF1CB25C92009A081A /* Frameworks */,
				9BB88DD01CB25C92009A081A /* Resources */,
			);
			buildRules = (
			);
			dependencies = (
				9BB88DD41CB25C92009A081A /* PBXTargetDependency */,
			);
			name = LoveMarkerTests;
			productName = LoveMarkerTests;
			productReference = 9BB88DD21CB25C92009A081A /* LoveMarkerTests.xctest */;
			productType = "com.apple.product-type.bundle.unit-test";
		};
		9BB88DDC1CB25C92009A081A /* LoveMarkerUITests */ = {
			isa = PBXNativeTarget;
			buildConfigurationList = 9BB88DEC1CB25C92009A081A /* Build configuration list for PBXNativeTarget "LoveMarkerUITests" */;
			buildPhases = (
				9BB88DD91CB25C92009A081A /* Sources */,
				9BB88DDA1CB25C92009A081A /* Frameworks */,
				9BB88DDB1CB25C92009A081A /* Resources */,
			);
			buildRules = (
			);
			dependencies = (
				9BB88DDF1CB25C92009A081A /* PBXTargetDependency */,
			);
			name = LoveMarkerUITests;
			productName = LoveMarkerUITests;
			productReference = 9BB88DDD1CB25C92009A081A /* LoveMarkerUITests.xctest */;
			productType = "com.apple.product-type.bundle.ui-testing";
		};
/* End PBXNativeTarget section */

/* Begin PBXProject section */
		9BB88DB11CB25C92009A081A /* Project object */ = {
			isa = PBXProject;
			attributes = {
				LastUpgradeCheck = 0730;
				ORGANIZATIONNAME = Eason;
				TargetAttributes = {
					9BB88DB81CB25C92009A081A = {
						CreatedOnToolsVersion = 7.3;
					};
					9BB88DD11CB25C92009A081A = {
						CreatedOnToolsVersion = 7.3;
						TestTargetID = 9BB88DB81CB25C92009A081A;
					};
					9BB88DDC1CB25C92009A081A = {
						CreatedOnToolsVersion = 7.3;
						TestTargetID = 9BB88DB81CB25C92009A081A;
					};
				};
			};
			buildConfigurationList = 9BB88DB41CB25C92009A081A /* Build configuration list for PBXProject "LoveMarker" */;
			compatibilityVersion = "Xcode 3.2";
			developmentRegion = English;
			hasScannedForEncodings = 0;
			knownRegions = (
				en,
				Base,
				"zh-Hans",
			);
			mainGroup = 9BB88DB01CB25C92009A081A;
			productRefGroup = 9BB88DBA1CB25C92009A081A /* Products */;
			projectDirPath = "";
			projectRoot = "";
			targets = (
				9BB88DB81CB25C92009A081A /* LoveMarker */,
				9BB88DD11CB25C92009A081A /* LoveMarkerTests */,
				9BB88DDC1CB25C92009A081A /* LoveMarkerUITests */,
			);
		};
/* End PBXProject section */

/* Begin PBXResourcesBuildPhase section */
		9BB88DB71CB25C92009A081A /* Resources */ = {
			isa = PBXResourcesBuildPhase;
			buildActionMask = 2147483647;
			files = (
				9BB88DCC1CB25C92009A081A /* LaunchScreen.storyboard in Resources */,
				9BB88DF01CB27A3A009A081A /* splash_background.png in Resources */,
				9BB88DC71CB25C92009A081A /* Main.storyboard in Resources */,
				9B4FDC701CE24E5C008C0E3B /* Localizable.strings in Resources */,
				9B0CCAA11CEA367E00207858 /* Assets.xcassets in Resources */,
			);
			runOnlyForDeploymentPostprocessing = 0;
		};
		9BB88DD01CB25C92009A081A /* Resources */ = {
			isa = PBXResourcesBuildPhase;
			buildActionMask = 2147483647;
			files = (
			);
			runOnlyForDeploymentPostprocessing = 0;
		};
		9BB88DDB1CB25C92009A081A /* Resources */ = {
			isa = PBXResourcesBuildPhase;
			buildActionMask = 2147483647;
			files = (
			);
			runOnlyForDeploymentPostprocessing = 0;
		};
/* End PBXResourcesBuildPhase section */

/* Begin PBXSourcesBuildPhase section */
		9BB88DB51CB25C92009A081A /* Sources */ = {
			isa = PBXSourcesBuildPhase;
			buildActionMask = 2147483647;
			files = (
				9B4FDC871CE49D82008C0E3B /* ResponseResult.m in Sources */,
				9B0CCA801CE61EBF00207858 /* AFAutoPurgingImageCache.m in Sources */,
				9B53667E1D03502D008D803A /* ErrorState.m in Sources */,
				9BB88DC41CB25C92009A081A /* ViewController.m in Sources */,
				9B0CCA851CE61EBF00207858 /* UIImageView+AFNetworking.m in Sources */,
				9B0CCA881CE61EBF00207858 /* UIWebView+AFNetworking.m in Sources */,
				9B0CCA811CE61EBF00207858 /* AFImageDownloader.m in Sources */,
				9BB88DC11CB25C92009A081A /* AppDelegate.m in Sources */,
				9B774B1D1D0D76C7000BF4B3 /* CoreDataModel.xcdatamodeld in Sources */,
				9B4FDC781CE38A06008C0E3B /* User.m in Sources */,
				9B8843D71CEE161B00FCC077 /* MainMapViewController.m in Sources */,
				9B774B2C1D0F1F43000BF4B3 /* CoreDataUser.m in Sources */,
				9B8843C31CEE14CE00FCC077 /* PublishViewController.m in Sources */,
				9B0CCA831CE61EBF00207858 /* UIActivityIndicatorView+AFNetworking.m in Sources */,
				9B0CCA8D1CE61F1600207858 /* NSObject+ObjectMap.m in Sources */,
				9B0CCA7C1CE61EBF00207858 /* AFSecurityPolicy.m in Sources */,
				9B0CCA841CE61EBF00207858 /* UIButton+AFNetworking.m in Sources */,
				9B8843CD1CEE15A900FCC077 /* CurrentPostViewController.m in Sources */,
				9B0CCAA91CEA648E00207858 /* LoginViewController.m in Sources */,
				9B8843DB1CEF916100FCC077 /* CommomUtils.m in Sources */,
				9B8843DE1CEF91A600FCC077 /* BasicViewController.m in Sources */,
				9B8843C81CEE157E00FCC077 /* ProfilePageViewController.m in Sources */,
				9B0CCA7A1CE61EBF00207858 /* AFHTTPSessionManager.m in Sources */,
				9B07BD481D147CD8002B145E /* RegisterViewController.m in Sources */,
				9B0CCA901CE65F7C00207858 /* TopLayoutView.m in Sources */,
				9B8843ED1CF35DAD00FCC077 /* LoginStatus.m in Sources */,
				9B0CCA7F1CE61EBF00207858 /* AFURLSessionManager.m in Sources */,
				9B0CCA891CE61EBF00207858 /* HttpConfiguration.m in Sources */,
				9B0CCA7B1CE61EBF00207858 /* AFNetworkReachabilityManager.m in Sources */,
				9B8843E11CF0C49000FCC077 /* MyMarkerTableViewCell.m in Sources */,
				9B8843F01CF5CCBC00FCC077 /* AvatarUIImageView.m in Sources */,
				9B774B291D0D8000000BF4B3 /* MyDataController.m in Sources */,
				9B8843D21CEE15EB00FCC077 /* NearbyViewController.m in Sources */,
				9B0CCA7E1CE61EBF00207858 /* AFURLResponseSerialization.m in Sources */,
				9B0CCA7D1CE61EBF00207858 /* AFURLRequestSerialization.m in Sources */,
				9B0CCA821CE61EBF00207858 /* AFNetworkActivityIndicatorManager.m in Sources */,
				9B0CCA871CE61EBF00207858 /* UIRefreshControl+AFNetworking.m in Sources */,
				9B0CCA8A1CE61EBF00207858 /* HttpRequest.m in Sources */,
				9B114F031D1563BD0098C26B /* UnitViewUtil.m in Sources */,
				9BC15D2F1D13FFAC00BC1E0B /* RegisterLayoutView.m in Sources */,
				9B0CCA861CE61EBF00207858 /* UIProgressView+AFNetworking.m in Sources */,
				9BB88DBE1CB25C92009A081A /* main.m in Sources */,
			);
			runOnlyForDeploymentPostprocessing = 0;
		};
		9BB88DCE1CB25C92009A081A /* Sources */ = {
			isa = PBXSourcesBuildPhase;
			buildActionMask = 2147483647;
			files = (
				9BB88DD71CB25C92009A081A /* LoveMarkerTests.m in Sources */,
			);
			runOnlyForDeploymentPostprocessing = 0;
		};
		9BB88DD91CB25C92009A081A /* Sources */ = {
			isa = PBXSourcesBuildPhase;
			buildActionMask = 2147483647;
			files = (
				9BB88DE21CB25C92009A081A /* LoveMarkerUITests.m in Sources */,
			);
			runOnlyForDeploymentPostprocessing = 0;
		};
/* End PBXSourcesBuildPhase section */

/* Begin PBXTargetDependency section */
		9BB88DD41CB25C92009A081A /* PBXTargetDependency */ = {
			isa = PBXTargetDependency;
			target = 9BB88DB81CB25C92009A081A /* LoveMarker */;
			targetProxy = 9BB88DD31CB25C92009A081A /* PBXContainerItemProxy */;
		};
		9BB88DDF1CB25C92009A081A /* PBXTargetDependency */ = {
			isa = PBXTargetDependency;
			target = 9BB88DB81CB25C92009A081A /* LoveMarker */;
			targetProxy = 9BB88DDE1CB25C92009A081A /* PBXContainerItemProxy */;
		};
/* End PBXTargetDependency section */

/* Begin PBXVariantGroup section */
		9B4FDC721CE24E5C008C0E3B /* Localizable.strings */ = {
			isa = PBXVariantGroup;
			children = (
				9B4FDC711CE24E5C008C0E3B /* en */,
				9B4FDC731CE24EC0008C0E3B /* zh-Hans */,
			);
			name = Localizable.strings;
			sourceTree = "<group>";
		};
		9BB88DC51CB25C92009A081A /* Main.storyboard */ = {
			isa = PBXVariantGroup;
			children = (
				9BB88DC61CB25C92009A081A /* Base */,
			);
			name = Main.storyboard;
			sourceTree = "<group>";
		};
		9BB88DCA1CB25C92009A081A /* LaunchScreen.storyboard */ = {
			isa = PBXVariantGroup;
			children = (
				9BB88DCB1CB25C92009A081A /* Base */,
			);
			name = LaunchScreen.storyboard;
			sourceTree = "<group>";
		};
/* End PBXVariantGroup section */

/* Begin XCBuildConfiguration section */
		9BB88DE41CB25C92009A081A /* Debug */ = {
			isa = XCBuildConfiguration;
			buildSettings = {
				ALWAYS_SEARCH_USER_PATHS = NO;
				CLANG_ANALYZER_NONNULL = YES;
				CLANG_CXX_LANGUAGE_STANDARD = "gnu++0x";
				CLANG_CXX_LIBRARY = "libc++";
				CLANG_ENABLE_MODULES = YES;
				CLANG_ENABLE_OBJC_ARC = YES;
				CLANG_WARN_BOOL_CONVERSION = YES;
				CLANG_WARN_CONSTANT_CONVERSION = YES;
				CLANG_WARN_DIRECT_OBJC_ISA_USAGE = YES_ERROR;
				CLANG_WARN_EMPTY_BODY = YES;
				CLANG_WARN_ENUM_CONVERSION = YES;
				CLANG_WARN_INT_CONVERSION = YES;
				CLANG_WARN_OBJC_ROOT_CLASS = YES_ERROR;
				CLANG_WARN_UNREACHABLE_CODE = YES;
				CLANG_WARN__DUPLICATE_METHOD_MATCH = YES;
				"CODE_SIGN_IDENTITY[sdk=iphoneos*]" = "iPhone Developer";
				COPY_PHASE_STRIP = NO;
				DEBUG_INFORMATION_FORMAT = dwarf;
				ENABLE_STRICT_OBJC_MSGSEND = YES;
				ENABLE_TESTABILITY = YES;
				GCC_C_LANGUAGE_STANDARD = gnu99;
				GCC_DYNAMIC_NO_PIC = NO;
				GCC_NO_COMMON_BLOCKS = YES;
				GCC_OPTIMIZATION_LEVEL = 0;
				GCC_PREPROCESSOR_DEFINITIONS = (
					"DEBUG=1",
					"$(inherited)",
				);
				GCC_WARN_64_TO_32_BIT_CONVERSION = YES;
				GCC_WARN_ABOUT_RETURN_TYPE = YES_ERROR;
				GCC_WARN_UNDECLARED_SELECTOR = YES;
				GCC_WARN_UNINITIALIZED_AUTOS = YES_AGGRESSIVE;
				GCC_WARN_UNUSED_FUNCTION = YES;
				GCC_WARN_UNUSED_VARIABLE = YES;
				IPHONEOS_DEPLOYMENT_TARGET = 9.3;
				MTL_ENABLE_DEBUG_INFO = YES;
				ONLY_ACTIVE_ARCH = YES;
				SDKROOT = iphoneos;
			};
			name = Debug;
		};
		9BB88DE51CB25C92009A081A /* Release */ = {
			isa = XCBuildConfiguration;
			buildSettings = {
				ALWAYS_SEARCH_USER_PATHS = NO;
				CLANG_ANALYZER_NONNULL = YES;
				CLANG_CXX_LANGUAGE_STANDARD = "gnu++0x";
				CLANG_CXX_LIBRARY = "libc++";
				CLANG_ENABLE_MODULES = YES;
				CLANG_ENABLE_OBJC_ARC = YES;
				CLANG_WARN_BOOL_CONVERSION = YES;
				CLANG_WARN_CONSTANT_CONVERSION = YES;
				CLANG_WARN_DIRECT_OBJC_ISA_USAGE = YES_ERROR;
				CLANG_WARN_EMPTY_BODY = YES;
				CLANG_WARN_ENUM_CONVERSION = YES;
				CLANG_WARN_INT_CONVERSION = YES;
				CLANG_WARN_OBJC_ROOT_CLASS = YES_ERROR;
				CLANG_WARN_UNREACHABLE_CODE = YES;
				CLANG_WARN__DUPLICATE_METHOD_MATCH = YES;
				"CODE_SIGN_IDENTITY[sdk=iphoneos*]" = "iPhone Developer";
				COPY_PHASE_STRIP = NO;
				DEBUG_INFORMATION_FORMAT = "dwarf-with-dsym";
				ENABLE_NS_ASSERTIONS = NO;
				ENABLE_STRICT_OBJC_MSGSEND = YES;
				GCC_C_LANGUAGE_STANDARD = gnu99;
				GCC_NO_COMMON_BLOCKS = YES;
				GCC_WARN_64_TO_32_BIT_CONVERSION = YES;
				GCC_WARN_ABOUT_RETURN_TYPE = YES_ERROR;
				GCC_WARN_UNDECLARED_SELECTOR = YES;
				GCC_WARN_UNINITIALIZED_AUTOS = YES_AGGRESSIVE;
				GCC_WARN_UNUSED_FUNCTION = YES;
				GCC_WARN_UNUSED_VARIABLE = YES;
				IPHONEOS_DEPLOYMENT_TARGET = 9.3;
				MTL_ENABLE_DEBUG_INFO = NO;
				SDKROOT = iphoneos;
				VALIDATE_PRODUCT = YES;
			};
			name = Release;
		};
		9BB88DE71CB25C92009A081A /* Debug */ = {
			isa = XCBuildConfiguration;
			buildSettings = {
				ASSETCATALOG_COMPILER_APPICON_NAME = AppIcon;
				INFOPLIST_FILE = LoveMarker/Info.plist;
				LD_RUNPATH_SEARCH_PATHS = "$(inherited) @executable_path/Frameworks";
				PRODUCT_BUNDLE_IDENTIFIER = Eason.LoveMarker;
				PRODUCT_NAME = "$(TARGET_NAME)";
			};
			name = Debug;
		};
		9BB88DE81CB25C92009A081A /* Release */ = {
			isa = XCBuildConfiguration;
			buildSettings = {
				ASSETCATALOG_COMPILER_APPICON_NAME = AppIcon;
				INFOPLIST_FILE = LoveMarker/Info.plist;
				LD_RUNPATH_SEARCH_PATHS = "$(inherited) @executable_path/Frameworks";
				PRODUCT_BUNDLE_IDENTIFIER = Eason.LoveMarker;
				PRODUCT_NAME = "$(TARGET_NAME)";
			};
			name = Release;
		};
		9BB88DEA1CB25C92009A081A /* Debug */ = {
			isa = XCBuildConfiguration;
			buildSettings = {
				BUNDLE_LOADER = "$(TEST_HOST)";
				INFOPLIST_FILE = LoveMarkerTests/Info.plist;
				LD_RUNPATH_SEARCH_PATHS = "$(inherited) @executable_path/Frameworks @loader_path/Frameworks";
				PRODUCT_BUNDLE_IDENTIFIER = Eason.LoveMarkerTests;
				PRODUCT_NAME = "$(TARGET_NAME)";
				TEST_HOST = "$(BUILT_PRODUCTS_DIR)/LoveMarker.app/LoveMarker";
			};
			name = Debug;
		};
		9BB88DEB1CB25C92009A081A /* Release */ = {
			isa = XCBuildConfiguration;
			buildSettings = {
				BUNDLE_LOADER = "$(TEST_HOST)";
				INFOPLIST_FILE = LoveMarkerTests/Info.plist;
				LD_RUNPATH_SEARCH_PATHS = "$(inherited) @executable_path/Frameworks @loader_path/Frameworks";
				PRODUCT_BUNDLE_IDENTIFIER = Eason.LoveMarkerTests;
				PRODUCT_NAME = "$(TARGET_NAME)";
				TEST_HOST = "$(BUILT_PRODUCTS_DIR)/LoveMarker.app/LoveMarker";
			};
			name = Release;
		};
		9BB88DED1CB25C92009A081A /* Debug */ = {
			isa = XCBuildConfiguration;
			buildSettings = {
				INFOPLIST_FILE = LoveMarkerUITests/Info.plist;
				LD_RUNPATH_SEARCH_PATHS = "$(inherited) @executable_path/Frameworks @loader_path/Frameworks";
				PRODUCT_BUNDLE_IDENTIFIER = Eason.LoveMarkerUITests;
				PRODUCT_NAME = "$(TARGET_NAME)";
				TEST_TARGET_NAME = LoveMarker;
			};
			name = Debug;
		};
		9BB88DEE1CB25C92009A081A /* Release */ = {
			isa = XCBuildConfiguration;
			buildSettings = {
				INFOPLIST_FILE = LoveMarkerUITests/Info.plist;
				LD_RUNPATH_SEARCH_PATHS = "$(inherited) @executable_path/Frameworks @loader_path/Frameworks";
				PRODUCT_BUNDLE_IDENTIFIER = Eason.LoveMarkerUITests;
				PRODUCT_NAME = "$(TARGET_NAME)";
				TEST_TARGET_NAME = LoveMarker;
			};
			name = Release;
		};
/* End XCBuildConfiguration section */

/* Begin XCConfigurationList section */
		9BB88DB41CB25C92009A081A /* Build configuration list for PBXProject "LoveMarker" */ = {
			isa = XCConfigurationList;
			buildConfigurations = (
				9BB88DE41CB25C92009A081A /* Debug */,
				9BB88DE51CB25C92009A081A /* Release */,
			);
			defaultConfigurationIsVisible = 0;
			defaultConfigurationName = Release;
		};
		9BB88DE61CB25C92009A081A /* Build configuration list for PBXNativeTarget "LoveMarker" */ = {
			isa = XCConfigurationList;
			buildConfigurations = (
				9BB88DE71CB25C92009A081A /* Debug */,
				9BB88DE81CB25C92009A081A /* Release */,
			);
			defaultConfigurationIsVisible = 0;
			defaultConfigurationName = Release;
		};
		9BB88DE91CB25C92009A081A /* Build configuration list for PBXNativeTarget "LoveMarkerTests" */ = {
			isa = XCConfigurationList;
			buildConfigurations = (
				9BB88DEA1CB25C92009A081A /* Debug */,
				9BB88DEB1CB25C92009A081A /* Release */,
			);
			defaultConfigurationIsVisible = 0;
			defaultConfigurationName = Release;
		};
		9BB88DEC1CB25C92009A081A /* Build configuration list for PBXNativeTarget "LoveMarkerUITests" */ = {
			isa = XCConfigurationList;
			buildConfigurations = (
				9BB88DED1CB25C92009A081A /* Debug */,
				9BB88DEE1CB25C92009A081A /* Release */,
			);
			defaultConfigurationIsVisible = 0;
			defaultConfigurationName = Release;
		};
/* End XCConfigurationList section */

/* Begin XCVersionGroup section */
		9B774B1B1D0D76C7000BF4B3 /* CoreDataModel.xcdatamodeld */ = {
			isa = XCVersionGroup;
			children = (
				9B774B1C1D0D76C7000BF4B3 /* CoreDataModel.xcdatamodel */,
			);
			currentVersion = 9B774B1C1D0D76C7000BF4B3 /* CoreDataModel.xcdatamodel */;
			name = CoreDataModel.xcdatamodeld;
			path = ../CoreDataModel.xcdatamodeld;
			sourceTree = "<group>";
			versionGroupType = wrapper.xcdatamodel;
		};
/* End XCVersionGroup section */
	};
	rootObject = 9BB88DB11CB25C92009A081A /* Project object */;
}
