// !$*UTF8*$!
{
	archiveVersion = 1;
	classes = {
	};
	objectVersion = 46;
	objects = {

/* Begin PBXBuildFile section */
		9B8DFB961C574FDF0003F1AE /* AppDelegate.swift in Sources */ = {isa = PBXBuildFile; fileRef = 9B8DFB951C574FDF0003F1AE /* AppDelegate.swift */; };
		9B8DFB981C574FDF0003F1AE /* ViewController.swift in Sources */ = {isa = PBXBuildFile; fileRef = 9B8DFB971C574FDF0003F1AE /* ViewController.swift */; };
		9B8DFB9B1C574FDF0003F1AE /* Main.storyboard in Resources */ = {isa = PBXBuildFile; fileRef = 9B8DFB991C574FDF0003F1AE /* Main.storyboard */; };
		9B8DFB9D1C574FDF0003F1AE /* Assets.xcassets in Resources */ = {isa = PBXBuildFile; fileRef = 9B8DFB9C1C574FDF0003F1AE /* Assets.xcassets */; };
		9B8DFBA01C574FDF0003F1AE /* LaunchScreen.storyboard in Resources */ = {isa = PBXBuildFile; fileRef = 9B8DFB9E1C574FDF0003F1AE /* LaunchScreen.storyboard */; };
		9B8DFBAB1C574FDF0003F1AE /* markerTests.swift in Sources */ = {isa = PBXBuildFile; fileRef = 9B8DFBAA1C574FDF0003F1AE /* markerTests.swift */; };
		9B8DFBB61C574FDF0003F1AE /* markerUITests.swift in Sources */ = {isa = PBXBuildFile; fileRef = 9B8DFBB51C574FDF0003F1AE /* markerUITests.swift */; };
/* End PBXBuildFile section */

/* Begin PBXContainerItemProxy section */
		9B8DFBA71C574FDF0003F1AE /* PBXContainerItemProxy */ = {
			isa = PBXContainerItemProxy;
			containerPortal = 9B8DFB8A1C574FDF0003F1AE /* Project object */;
			proxyType = 1;
			remoteGlobalIDString = 9B8DFB911C574FDF0003F1AE;
			remoteInfo = marker;
		};
		9B8DFBB21C574FDF0003F1AE /* PBXContainerItemProxy */ = {
			isa = PBXContainerItemProxy;
			containerPortal = 9B8DFB8A1C574FDF0003F1AE /* Project object */;
			proxyType = 1;
			remoteGlobalIDString = 9B8DFB911C574FDF0003F1AE;
			remoteInfo = marker;
		};
/* End PBXContainerItemProxy section */

/* Begin PBXFileReference section */
		9B8DFB921C574FDF0003F1AE /* marker.app */ = {isa = PBXFileReference; explicitFileType = wrapper.application; includeInIndex = 0; path = marker.app; sourceTree = BUILT_PRODUCTS_DIR; };
		9B8DFB951C574FDF0003F1AE /* AppDelegate.swift */ = {isa = PBXFileReference; lastKnownFileType = sourcecode.swift; path = AppDelegate.swift; sourceTree = "<group>"; };
		9B8DFB971C574FDF0003F1AE /* ViewController.swift */ = {isa = PBXFileReference; lastKnownFileType = sourcecode.swift; path = ViewController.swift; sourceTree = "<group>"; };
		9B8DFB9A1C574FDF0003F1AE /* Base */ = {isa = PBXFileReference; lastKnownFileType = file.storyboard; name = Base; path = Base.lproj/Main.storyboard; sourceTree = "<group>"; };
		9B8DFB9C1C574FDF0003F1AE /* Assets.xcassets */ = {isa = PBXFileReference; lastKnownFileType = folder.assetcatalog; path = Assets.xcassets; sourceTree = "<group>"; };
		9B8DFB9F1C574FDF0003F1AE /* Base */ = {isa = PBXFileReference; lastKnownFileType = file.storyboard; name = Base; path = Base.lproj/LaunchScreen.storyboard; sourceTree = "<group>"; };
		9B8DFBA11C574FDF0003F1AE /* Info.plist */ = {isa = PBXFileReference; lastKnownFileType = text.plist.xml; path = Info.plist; sourceTree = "<group>"; };
		9B8DFBA61C574FDF0003F1AE /* markerTests.xctest */ = {isa = PBXFileReference; explicitFileType = wrapper.cfbundle; includeInIndex = 0; path = markerTests.xctest; sourceTree = BUILT_PRODUCTS_DIR; };
		9B8DFBAA1C574FDF0003F1AE /* markerTests.swift */ = {isa = PBXFileReference; lastKnownFileType = sourcecode.swift; path = markerTests.swift; sourceTree = "<group>"; };
		9B8DFBAC1C574FDF0003F1AE /* Info.plist */ = {isa = PBXFileReference; lastKnownFileType = text.plist.xml; path = Info.plist; sourceTree = "<group>"; };
		9B8DFBB11C574FDF0003F1AE /* markerUITests.xctest */ = {isa = PBXFileReference; explicitFileType = wrapper.cfbundle; includeInIndex = 0; path = markerUITests.xctest; sourceTree = BUILT_PRODUCTS_DIR; };
		9B8DFBB51C574FDF0003F1AE /* markerUITests.swift */ = {isa = PBXFileReference; lastKnownFileType = sourcecode.swift; path = markerUITests.swift; sourceTree = "<group>"; };
		9B8DFBB71C574FDF0003F1AE /* Info.plist */ = {isa = PBXFileReference; lastKnownFileType = text.plist.xml; path = Info.plist; sourceTree = "<group>"; };
/* End PBXFileReference section */

/* Begin PBXFrameworksBuildPhase section */
		9B8DFB8F1C574FDF0003F1AE /* Frameworks */ = {
			isa = PBXFrameworksBuildPhase;
			buildActionMask = 2147483647;
			files = (
			);
			runOnlyForDeploymentPostprocessing = 0;
		};
		9B8DFBA31C574FDF0003F1AE /* Frameworks */ = {
			isa = PBXFrameworksBuildPhase;
			buildActionMask = 2147483647;
			files = (
			);
			runOnlyForDeploymentPostprocessing = 0;
		};
		9B8DFBAE1C574FDF0003F1AE /* Frameworks */ = {
			isa = PBXFrameworksBuildPhase;
			buildActionMask = 2147483647;
			files = (
			);
			runOnlyForDeploymentPostprocessing = 0;
		};
/* End PBXFrameworksBuildPhase section */

/* Begin PBXGroup section */
		9B8DFB891C574FDF0003F1AE = {
			isa = PBXGroup;
			children = (
				9B8DFB941C574FDF0003F1AE /* marker */,
				9B8DFBA91C574FDF0003F1AE /* markerTests */,
				9B8DFBB41C574FDF0003F1AE /* markerUITests */,
				9B8DFB931C574FDF0003F1AE /* Products */,
			);
			sourceTree = "<group>";
		};
		9B8DFB931C574FDF0003F1AE /* Products */ = {
			isa = PBXGroup;
			children = (
				9B8DFB921C574FDF0003F1AE /* marker.app */,
				9B8DFBA61C574FDF0003F1AE /* markerTests.xctest */,
				9B8DFBB11C574FDF0003F1AE /* markerUITests.xctest */,
			);
			name = Products;
			sourceTree = "<group>";
		};
		9B8DFB941C574FDF0003F1AE /* marker */ = {
			isa = PBXGroup;
			children = (
				9B8DFB951C574FDF0003F1AE /* AppDelegate.swift */,
				9B8DFB971C574FDF0003F1AE /* ViewController.swift */,
				9B8DFB991C574FDF0003F1AE /* Main.storyboard */,
				9B8DFB9C1C574FDF0003F1AE /* Assets.xcassets */,
				9B8DFB9E1C574FDF0003F1AE /* LaunchScreen.storyboard */,
				9B8DFBA11C574FDF0003F1AE /* Info.plist */,
			);
			path = marker;
			sourceTree = "<group>";
		};
		9B8DFBA91C574FDF0003F1AE /* markerTests */ = {
			isa = PBXGroup;
			children = (
				9B8DFBAA1C574FDF0003F1AE /* markerTests.swift */,
				9B8DFBAC1C574FDF0003F1AE /* Info.plist */,
			);
			path = markerTests;
			sourceTree = "<group>";
		};
		9B8DFBB41C574FDF0003F1AE /* markerUITests */ = {
			isa = PBXGroup;
			children = (
				9B8DFBB51C574FDF0003F1AE /* markerUITests.swift */,
				9B8DFBB71C574FDF0003F1AE /* Info.plist */,
			);
			path = markerUITests;
			sourceTree = "<group>";
		};
/* End PBXGroup section */

/* Begin PBXNativeTarget section */
		9B8DFB911C574FDF0003F1AE /* marker */ = {
			isa = PBXNativeTarget;
			buildConfigurationList = 9B8DFBBA1C574FDF0003F1AE /* Build configuration list for PBXNativeTarget "marker" */;
			buildPhases = (
				9B8DFB8E1C574FDF0003F1AE /* Sources */,
				9B8DFB8F1C574FDF0003F1AE /* Frameworks */,
				9B8DFB901C574FDF0003F1AE /* Resources */,
			);
			buildRules = (
			);
			dependencies = (
			);
			name = marker;
			productName = marker;
			productReference = 9B8DFB921C574FDF0003F1AE /* marker.app */;
			productType = "com.apple.product-type.application";
		};
		9B8DFBA51C574FDF0003F1AE /* markerTests */ = {
			isa = PBXNativeTarget;
			buildConfigurationList = 9B8DFBBD1C574FDF0003F1AE /* Build configuration list for PBXNativeTarget "markerTests" */;
			buildPhases = (
				9B8DFBA21C574FDF0003F1AE /* Sources */,
				9B8DFBA31C574FDF0003F1AE /* Frameworks */,
				9B8DFBA41C574FDF0003F1AE /* Resources */,
			);
			buildRules = (
			);
			dependencies = (
				9B8DFBA81C574FDF0003F1AE /* PBXTargetDependency */,
			);
			name = markerTests;
			productName = markerTests;
			productReference = 9B8DFBA61C574FDF0003F1AE /* markerTests.xctest */;
			productType = "com.apple.product-type.bundle.unit-test";
		};
		9B8DFBB01C574FDF0003F1AE /* markerUITests */ = {
			isa = PBXNativeTarget;
			buildConfigurationList = 9B8DFBC01C574FDF0003F1AE /* Build configuration list for PBXNativeTarget "markerUITests" */;
			buildPhases = (
				9B8DFBAD1C574FDF0003F1AE /* Sources */,
				9B8DFBAE1C574FDF0003F1AE /* Frameworks */,
				9B8DFBAF1C574FDF0003F1AE /* Resources */,
			);
			buildRules = (
			);
			dependencies = (
				9B8DFBB31C574FDF0003F1AE /* PBXTargetDependency */,
			);
			name = markerUITests;
			productName = markerUITests;
			productReference = 9B8DFBB11C574FDF0003F1AE /* markerUITests.xctest */;
			productType = "com.apple.product-type.bundle.ui-testing";
		};
/* End PBXNativeTarget section */

/* Begin PBXProject section */
		9B8DFB8A1C574FDF0003F1AE /* Project object */ = {
			isa = PBXProject;
			attributes = {
				LastSwiftUpdateCheck = 0720;
				LastUpgradeCheck = 0720;
				ORGANIZATIONNAME = Eason;
				TargetAttributes = {
					9B8DFB911C574FDF0003F1AE = {
						CreatedOnToolsVersion = 7.2;
					};
					9B8DFBA51C574FDF0003F1AE = {
						CreatedOnToolsVersion = 7.2;
						TestTargetID = 9B8DFB911C574FDF0003F1AE;
					};
					9B8DFBB01C574FDF0003F1AE = {
						CreatedOnToolsVersion = 7.2;
						TestTargetID = 9B8DFB911C574FDF0003F1AE;
					};
				};
			};
			buildConfigurationList = 9B8DFB8D1C574FDF0003F1AE /* Build configuration list for PBXProject "marker" */;
			compatibilityVersion = "Xcode 3.2";
			developmentRegion = English;
			hasScannedForEncodings = 0;
			knownRegions = (
				en,
				Base,
			);
			mainGroup = 9B8DFB891C574FDF0003F1AE;
			productRefGroup = 9B8DFB931C574FDF0003F1AE /* Products */;
			projectDirPath = "";
			projectRoot = "";
			targets = (
				9B8DFB911C574FDF0003F1AE /* marker */,
				9B8DFBA51C574FDF0003F1AE /* markerTests */,
				9B8DFBB01C574FDF0003F1AE /* markerUITests */,
			);
		};
/* End PBXProject section */

/* Begin PBXResourcesBuildPhase section */
		9B8DFB901C574FDF0003F1AE /* Resources */ = {
			isa = PBXResourcesBuildPhase;
			buildActionMask = 2147483647;
			files = (
				9B8DFBA01C574FDF0003F1AE /* LaunchScreen.storyboard in Resources */,
				9B8DFB9D1C574FDF0003F1AE /* Assets.xcassets in Resources */,
				9B8DFB9B1C574FDF0003F1AE /* Main.storyboard in Resources */,
			);
			runOnlyForDeploymentPostprocessing = 0;
		};
		9B8DFBA41C574FDF0003F1AE /* Resources */ = {
			isa = PBXResourcesBuildPhase;
			buildActionMask = 2147483647;
			files = (
			);
			runOnlyForDeploymentPostprocessing = 0;
		};
		9B8DFBAF1C574FDF0003F1AE /* Resources */ = {
			isa = PBXResourcesBuildPhase;
			buildActionMask = 2147483647;
			files = (
			);
			runOnlyForDeploymentPostprocessing = 0;
		};
/* End PBXResourcesBuildPhase section */

/* Begin PBXSourcesBuildPhase section */
		9B8DFB8E1C574FDF0003F1AE /* Sources */ = {
			isa = PBXSourcesBuildPhase;
			buildActionMask = 2147483647;
			files = (
				9B8DFB981C574FDF0003F1AE /* ViewController.swift in Sources */,
				9B8DFB961C574FDF0003F1AE /* AppDelegate.swift in Sources */,
			);
			runOnlyForDeploymentPostprocessing = 0;
		};
		9B8DFBA21C574FDF0003F1AE /* Sources */ = {
			isa = PBXSourcesBuildPhase;
			buildActionMask = 2147483647;
			files = (
				9B8DFBAB1C574FDF0003F1AE /* markerTests.swift in Sources */,
			);
			runOnlyForDeploymentPostprocessing = 0;
		};
		9B8DFBAD1C574FDF0003F1AE /* Sources */ = {
			isa = PBXSourcesBuildPhase;
			buildActionMask = 2147483647;
			files = (
				9B8DFBB61C574FDF0003F1AE /* markerUITests.swift in Sources */,
			);
			runOnlyForDeploymentPostprocessing = 0;
		};
/* End PBXSourcesBuildPhase section */

/* Begin PBXTargetDependency section */
		9B8DFBA81C574FDF0003F1AE /* PBXTargetDependency */ = {
			isa = PBXTargetDependency;
			target = 9B8DFB911C574FDF0003F1AE /* marker */;
			targetProxy = 9B8DFBA71C574FDF0003F1AE /* PBXContainerItemProxy */;
		};
		9B8DFBB31C574FDF0003F1AE /* PBXTargetDependency */ = {
			isa = PBXTargetDependency;
			target = 9B8DFB911C574FDF0003F1AE /* marker */;
			targetProxy = 9B8DFBB21C574FDF0003F1AE /* PBXContainerItemProxy */;
		};
/* End PBXTargetDependency section */

/* Begin PBXVariantGroup section */
		9B8DFB991C574FDF0003F1AE /* Main.storyboard */ = {
			isa = PBXVariantGroup;
			children = (
				9B8DFB9A1C574FDF0003F1AE /* Base */,
			);
			name = Main.storyboard;
			sourceTree = "<group>";
		};
		9B8DFB9E1C574FDF0003F1AE /* LaunchScreen.storyboard */ = {
			isa = PBXVariantGroup;
			children = (
				9B8DFB9F1C574FDF0003F1AE /* Base */,
			);
			name = LaunchScreen.storyboard;
			sourceTree = "<group>";
		};
/* End PBXVariantGroup section */

/* Begin XCBuildConfiguration section */
		9B8DFBB81C574FDF0003F1AE /* Debug */ = {
			isa = XCBuildConfiguration;
			buildSettings = {
				ALWAYS_SEARCH_USER_PATHS = NO;
				CLANG_CXX_LANGUAGE_STANDARD = "gnu++0x";
				CLANG_CXX_LIBRARY = "libc++";
				CLANG_ENABLE_MODULES = YES;
				CLANG_ENABLE_OBJC_ARC = YES;
				CLANG_WARN_BOOL_CONVERSION = YES;
				CLANG_WARN_CONSTANT_CONVERSION = YES;
				CLANG_WARN_DIRECT_OBJC_ISA_USAGE = YES_ERROR;
				CLANG_WARN_EMPTY_BODY = YES;
				CLANG_WARN_ENUM_CONVERSION = YES;
				CLANG_WARN_INT_CONVERSION = YES;
				CLANG_WARN_OBJC_ROOT_CLASS = YES_ERROR;
				CLANG_WARN_UNREACHABLE_CODE = YES;
				CLANG_WARN__DUPLICATE_METHOD_MATCH = YES;
				"CODE_SIGN_IDENTITY[sdk=iphoneos*]" = "iPhone Developer";
				COPY_PHASE_STRIP = NO;
				DEBUG_INFORMATION_FORMAT = dwarf;
				ENABLE_STRICT_OBJC_MSGSEND = YES;
				ENABLE_TESTABILITY = YES;
				GCC_C_LANGUAGE_STANDARD = gnu99;
				GCC_DYNAMIC_NO_PIC = NO;
				GCC_NO_COMMON_BLOCKS = YES;
				GCC_OPTIMIZATION_LEVEL = 0;
				GCC_PREPROCESSOR_DEFINITIONS = (
					"DEBUG=1",
					"$(inherited)",
				);
				GCC_WARN_64_TO_32_BIT_CONVERSION = YES;
				GCC_WARN_ABOUT_RETURN_TYPE = YES_ERROR;
				GCC_WARN_UNDECLARED_SELECTOR = YES;
				GCC_WARN_UNINITIALIZED_AUTOS = YES_AGGRESSIVE;
				GCC_WARN_UNUSED_FUNCTION = YES;
				GCC_WARN_UNUSED_VARIABLE = YES;
				IPHONEOS_DEPLOYMENT_TARGET = 9.2;
				MTL_ENABLE_DEBUG_INFO = YES;
				ONLY_ACTIVE_ARCH = YES;
				SDKROOT = iphoneos;
				SWIFT_OPTIMIZATION_LEVEL = "-Onone";
				TARGETED_DEVICE_FAMILY = "1,2";
			};
			name = Debug;
		};
		9B8DFBB91C574FDF0003F1AE /* Release */ = {
			isa = XCBuildConfiguration;
			buildSettings = {
				ALWAYS_SEARCH_USER_PATHS = NO;
				CLANG_CXX_LANGUAGE_STANDARD = "gnu++0x";
				CLANG_CXX_LIBRARY = "libc++";
				CLANG_ENABLE_MODULES = YES;
				CLANG_ENABLE_OBJC_ARC = YES;
				CLANG_WARN_BOOL_CONVERSION = YES;
				CLANG_WARN_CONSTANT_CONVERSION = YES;
				CLANG_WARN_DIRECT_OBJC_ISA_USAGE = YES_ERROR;
				CLANG_WARN_EMPTY_BODY = YES;
				CLANG_WARN_ENUM_CONVERSION = YES;
				CLANG_WARN_INT_CONVERSION = YES;
				CLANG_WARN_OBJC_ROOT_CLASS = YES_ERROR;
				CLANG_WARN_UNREACHABLE_CODE = YES;
				CLANG_WARN__DUPLICATE_METHOD_MATCH = YES;
				"CODE_SIGN_IDENTITY[sdk=iphoneos*]" = "iPhone Developer";
				COPY_PHASE_STRIP = NO;
				DEBUG_INFORMATION_FORMAT = "dwarf-with-dsym";
				ENABLE_NS_ASSERTIONS = NO;
				ENABLE_STRICT_OBJC_MSGSEND = YES;
				GCC_C_LANGUAGE_STANDARD = gnu99;
				GCC_NO_COMMON_BLOCKS = YES;
				GCC_WARN_64_TO_32_BIT_CONVERSION = YES;
				GCC_WARN_ABOUT_RETURN_TYPE = YES_ERROR;
				GCC_WARN_UNDECLARED_SELECTOR = YES;
				GCC_WARN_UNINITIALIZED_AUTOS = YES_AGGRESSIVE;
				GCC_WARN_UNUSED_FUNCTION = YES;
				GCC_WARN_UNUSED_VARIABLE = YES;
				IPHONEOS_DEPLOYMENT_TARGET = 9.2;
				MTL_ENABLE_DEBUG_INFO = NO;
				SDKROOT = iphoneos;
				TARGETED_DEVICE_FAMILY = "1,2";
				VALIDATE_PRODUCT = YES;
			};
			name = Release;
		};
		9B8DFBBB1C574FDF0003F1AE /* Debug */ = {
			isa = XCBuildConfiguration;
			buildSettings = {
				ASSETCATALOG_COMPILER_APPICON_NAME = AppIcon;
				INFOPLIST_FILE = marker/Info.plist;
				LD_RUNPATH_SEARCH_PATHS = "$(inherited) @executable_path/Frameworks";
				PRODUCT_BUNDLE_IDENTIFIER = Eason.marker;
				PRODUCT_NAME = "$(TARGET_NAME)";
			};
			name = Debug;
		};
		9B8DFBBC1C574FDF0003F1AE /* Release */ = {
			isa = XCBuildConfiguration;
			buildSettings = {
				ASSETCATALOG_COMPILER_APPICON_NAME = AppIcon;
				INFOPLIST_FILE = marker/Info.plist;
				LD_RUNPATH_SEARCH_PATHS = "$(inherited) @executable_path/Frameworks";
				PRODUCT_BUNDLE_IDENTIFIER = Eason.marker;
				PRODUCT_NAME = "$(TARGET_NAME)";
			};
			name = Release;
		};
		9B8DFBBE1C574FDF0003F1AE /* Debug */ = {
			isa = XCBuildConfiguration;
			buildSettings = {
				BUNDLE_LOADER = "$(TEST_HOST)";
				INFOPLIST_FILE = markerTests/Info.plist;
				LD_RUNPATH_SEARCH_PATHS = "$(inherited) @executable_path/Frameworks @loader_path/Frameworks";
				PRODUCT_BUNDLE_IDENTIFIER = Eason.markerTests;
				PRODUCT_NAME = "$(TARGET_NAME)";
				TEST_HOST = "$(BUILT_PRODUCTS_DIR)/marker.app/marker";
			};
			name = Debug;
		};
		9B8DFBBF1C574FDF0003F1AE /* Release */ = {
			isa = XCBuildConfiguration;
			buildSettings = {
				BUNDLE_LOADER = "$(TEST_HOST)";
				INFOPLIST_FILE = markerTests/Info.plist;
				LD_RUNPATH_SEARCH_PATHS = "$(inherited) @executable_path/Frameworks @loader_path/Frameworks";
				PRODUCT_BUNDLE_IDENTIFIER = Eason.markerTests;
				PRODUCT_NAME = "$(TARGET_NAME)";
				TEST_HOST = "$(BUILT_PRODUCTS_DIR)/marker.app/marker";
			};
			name = Release;
		};
		9B8DFBC11C574FDF0003F1AE /* Debug */ = {
			isa = XCBuildConfiguration;
			buildSettings = {
				INFOPLIST_FILE = markerUITests/Info.plist;
				LD_RUNPATH_SEARCH_PATHS = "$(inherited) @executable_path/Frameworks @loader_path/Frameworks";
				PRODUCT_BUNDLE_IDENTIFIER = Eason.markerUITests;
				PRODUCT_NAME = "$(TARGET_NAME)";
				TEST_TARGET_NAME = marker;
				USES_XCTRUNNER = YES;
			};
			name = Debug;
		};
		9B8DFBC21C574FDF0003F1AE /* Release */ = {
			isa = XCBuildConfiguration;
			buildSettings = {
				INFOPLIST_FILE = markerUITests/Info.plist;
				LD_RUNPATH_SEARCH_PATHS = "$(inherited) @executable_path/Frameworks @loader_path/Frameworks";
				PRODUCT_BUNDLE_IDENTIFIER = Eason.markerUITests;
				PRODUCT_NAME = "$(TARGET_NAME)";
				TEST_TARGET_NAME = marker;
				USES_XCTRUNNER = YES;
			};
			name = Release;
		};
/* End XCBuildConfiguration section */

/* Begin XCConfigurationList section */
		9B8DFB8D1C574FDF0003F1AE /* Build configuration list for PBXProject "marker" */ = {
			isa = XCConfigurationList;
			buildConfigurations = (
				9B8DFBB81C574FDF0003F1AE /* Debug */,
				9B8DFBB91C574FDF0003F1AE /* Release */,
			);
			defaultConfigurationIsVisible = 0;
			defaultConfigurationName = Release;
		};
		9B8DFBBA1C574FDF0003F1AE /* Build configuration list for PBXNativeTarget "marker" */ = {
			isa = XCConfigurationList;
			buildConfigurations = (
				9B8DFBBB1C574FDF0003F1AE /* Debug */,
				9B8DFBBC1C574FDF0003F1AE /* Release */,
			);
			defaultConfigurationIsVisible = 0;
			defaultConfigurationName = Release;
		};
		9B8DFBBD1C574FDF0003F1AE /* Build configuration list for PBXNativeTarget "markerTests" */ = {
			isa = XCConfigurationList;
			buildConfigurations = (
				9B8DFBBE1C574FDF0003F1AE /* Debug */,
				9B8DFBBF1C574FDF0003F1AE /* Release */,
			);
			defaultConfigurationIsVisible = 0;
			defaultConfigurationName = Release;
		};
		9B8DFBC01C574FDF0003F1AE /* Build configuration list for PBXNativeTarget "markerUITests" */ = {
			isa = XCConfigurationList;
			buildConfigurations = (
				9B8DFBC11C574FDF0003F1AE /* Debug */,
				9B8DFBC21C574FDF0003F1AE /* Release */,
			);
			defaultConfigurationIsVisible = 0;
			defaultConfigurationName = Release;
		};
/* End XCConfigurationList section */
	};
	rootObject = 9B8DFB8A1C574FDF0003F1AE /* Project object */;
}
